# This file is autogenerated, do not edit; changes may be undone by the next 'dep ensure'.


[[projects]]
  digest = "1:26ee1e365ea8f312ee11e170fc6675bac0dd3d4adf2406e753d0a43527e1afb8"
  name = "cloud.google.com/go"
  packages = ["compute/metadata"]
  pruneopts = "UT"
  revision = "264def2dd949cdb8a803bb9f50fa29a67b798a6a"
  version = "v0.46.3"

[[projects]]
  digest = "1:a2682518d905d662d984ef9959984ef87cecb777d379bfa9d9fe40e78069b3e4"
  name = "github.com/PuerkitoBio/purell"
  packages = ["."]
  pruneopts = "UT"
  revision = "44968752391892e1b0d0b821ee79e9a85fa13049"
  version = "v1.1.1"

[[projects]]
  branch = "master"
  digest = "1:c739832d67eb1e9cc478a19cc1a1ccd78df0397bf8a32978b759152e205f644b"
  name = "github.com/PuerkitoBio/urlesc"
  packages = ["."]
  pruneopts = "UT"
  revision = "de5bf2ad457846296e2031421a34e2568e304e35"

[[projects]]
  digest = "1:320e7ead93de9fd2b0e59b50fd92a4d50c1f8ab455d96bc2eb083267453a9709"
  name = "github.com/asaskevich/govalidator"
  packages = ["."]
  pruneopts = "UT"
  revision = "ccb8e960c48f04d6935e72476ae4a51028f9e22f"
  version = "v9"

[[projects]]
  digest = "1:fed1f537c2f1269fe475a8556c393fe466641682d73ef8fd0491cd3aa1e47bad"
  name = "github.com/certifi/gocertifi"
  packages = ["."]
  pruneopts = "UT"
  revision = "deb3ae2ef2610fde3330947281941c562861188b"
  version = "2018.01.18"

[[projects]]
  digest = "1:ffe9824d294da03b391f44e1ae8281281b4afc1bdaa9588c9097785e3af10cec"
  name = "github.com/davecgh/go-spew"
  packages = ["spew"]
  pruneopts = "UT"
  revision = "8991bc29aa16c548c550c7ff78260e27b9ab7c73"
  version = "v1.1.1"

[[projects]]
  digest = "1:76dc72490af7174349349838f2fe118996381b31ea83243812a97e5a0fd5ed55"
  name = "github.com/dgrijalva/jwt-go"
  packages = ["."]
  pruneopts = "UT"
  revision = "06ea1031745cb8b3dab3f6a236daf2b0aa468b7e"
  version = "v3.2.0"

[[projects]]
  digest = "1:e95ef557dc3120984bb66b385ae01b4bb8ff56bcde28e7b0d1beed0cccc4d69f"
  name = "github.com/docker/go-units"
  packages = ["."]
  pruneopts = "UT"
  revision = "519db1ee28dcc9fd2474ae59fca29a810482bfb1"
  version = "v0.4.0"

[[projects]]
  digest = "1:bb89a2542933056fcebc2950bb15ec636e623cc43c96597288aa2009f15b0ce1"
  name = "github.com/eclipse/paho.mqtt.golang"
  packages = [
    ".",
    "packets",
  ]
  pruneopts = "UT"
  revision = "adca289fdcf8c883800aafa545bc263452290bae"
  version = "v1.2.0"

[[projects]]
  digest = "1:abeb38ade3f32a92943e5be54f55ed6d6e3b6602761d74b4aab4c9dd45c18abd"
  name = "github.com/fsnotify/fsnotify"
  packages = ["."]
  pruneopts = "UT"
  revision = "c2828203cd70a50dcccfb2761f8b1f8ceef9a8e9"
  version = "v1.4.7"

[[projects]]
  branch = "master"
  digest = "1:0bd05495dbd0567480e48eac9e6602d87875a8747b13c3c0fcb7c83c7c921776"
  name = "github.com/fullsailor/pkcs7"
  packages = ["."]
  pruneopts = "UT"
  revision = "d7302db945fa6ea264fb79d8e13e931ea514a602"

[[projects]]
  branch = "master"
  digest = "1:b39cde42897191f6864cca339b94315f6ab957553c175a46392be3fe9824141b"
  name = "github.com/getsentry/raven-go"
  packages = ["."]
  pruneopts = "UT"
  revision = "5c24d5110e0e198d9ae16f1f3465366085001d92"

[[projects]]
  digest = "1:adbc24353f685b2045b5881bb15f48cec5267fc70a5ecaf2cf60b1241a43c83a"
  name = "github.com/go-openapi/analysis"
  packages = [
    ".",
    "internal",
  ]
  pruneopts = "UT"
  revision = "9864a87593df5ab83eac00921906932d1d77fae2"
  version = "v0.19.5"

[[projects]]
  digest = "1:7a90552bf0ad97b41a4ac036d42aad77956c19b28398188ff7a5cc70b0c8bbf4"
  name = "github.com/go-openapi/errors"
  packages = ["."]
  pruneopts = "UT"
  revision = "b2b2befaf267d082d779bcef52d682a47c779517"
  version = "0.15.0"

[[projects]]
  digest = "1:ed15647db08b6d63666bf9755d337725960c302bbfa5e23754b4b915a4797e42"
  name = "github.com/go-openapi/jsonpointer"
  packages = ["."]
  pruneopts = "UT"
  revision = "ed123515f087412cd7ef02e49b0b0a5e6a79a360"
  version = "v0.19.3"

[[projects]]
  digest = "1:451fe53c19443c6941be5d4295edc973a3eb16baccb940efee94284024be03b0"
  name = "github.com/go-openapi/jsonreference"
  packages = ["."]
  pruneopts = "UT"
  revision = "82f31475a8f7a12bc26962f6e26ceade8ea6f66a"
  version = "v0.19.3"

[[projects]]
  digest = "1:ff04019588fc028ac28c3c565ce5316461a4641df197555041ee66cf45d213e3"
  name = "github.com/go-openapi/loads"
  packages = ["."]
  pruneopts = "UT"
  revision = "2a2b323bab96e6b1fdee110e57d959322446e9c9"
  version = "0.15.0"

[[projects]]
  digest = "1:4040a405299a99b6806159e43d125b22786d74fb113691d510a8e3c7a5f8deaa"
  name = "github.com/go-openapi/runtime"
  packages = [
    ".",
    "client",
    "flagext",
    "logger",
    "middleware",
    "middleware/denco",
    "middleware/header",
    "middleware/untyped",
    "security",
  ]
  pruneopts = "UT"
  revision = "9a3091f566c0811ef4d54b535179bc0fc484a11f"
  version = "0.15.0"

[[projects]]
  digest = "1:cbd9c1cc4ce36075f4ebf0e0525e6cda8597daac1a5eb5f7f88480a3c00e7319"
  name = "github.com/go-openapi/spec"
  packages = ["."]
  pruneopts = "UT"
  revision = "bce47c9386f9ecd6b86f450478a80103c3fe1402"
  version = "0.15.0"

[[projects]]
  digest = "1:c19e41854708ff52816cff12f30d454135f350a1e4fe6ab62a8be8df75458eb0"
  name = "github.com/go-openapi/strfmt"
  packages = ["."]
  pruneopts = "UT"
  revision = "913ee058e387ac83a67e2d9f13acecdcd5769fc6"
  version = "0.15.0"

[[projects]]
  digest = "1:731022b436cdb9b4b2a53be2ead693467a1474b8b873d4f90cb424fffdc3d0ff"
  name = "github.com/go-openapi/swag"
  packages = ["."]
  pruneopts = "UT"
  revision = "2b0bd4f193d011c203529df626a65d63cb8a79e8"
  version = "0.15.0"

[[projects]]
  digest = "1:1cbb7e317301affe9d14dc485fd07f71195a03fb460d5ffae4a932acc7c1a645"
  name = "github.com/go-openapi/validate"
  packages = ["."]
  pruneopts = "UT"
  revision = "9a6e517cddf1ddd47449be5d06a6a786e51d9986"
  version = "0.15.0"

[[projects]]
  digest = "1:586ea76dbd0374d6fb649a91d70d652b7fe0ccffb8910a77468e7702e7901f3d"
  name = "github.com/go-stack/stack"
  packages = ["."]
  pruneopts = "UT"
  revision = "2fee6af1a9795aafbe0253a0cfbdf668e1fb8a9a"
  version = "v1.8.0"

[[projects]]
  branch = "master"
  digest = "1:b7cb6054d3dff43b38ad2e92492f220f57ae6087ee797dca298139776749ace8"
  name = "github.com/golang/groupcache"
  packages = ["lru"]
  pruneopts = "UT"
  revision = "404acd9df4cc9859d64fb9eed42e5c026187287a"

[[projects]]
  digest = "1:f5ce1529abc1204444ec73779f44f94e2fa8fcdb7aca3c355b0c95947e4005c6"
  name = "github.com/golang/protobuf"
  packages = [
    "proto",
    "ptypes",
    "ptypes/any",
    "ptypes/duration",
    "ptypes/timestamp",
  ]
  pruneopts = "UT"
  revision = "6c65a5562fc06764971b7c5d05c76c75e84bdbf7"
  version = "v1.3.2"

[[projects]]
  branch = "master"
  digest = "1:700b1e527116332847452edf9febc0c252c026785a8c3cfa3f68a8eeffb09ee8"
  name = "github.com/golang/snappy"
  packages = ["."]
  pruneopts = "UT"
  revision = "ff6b7dc882cf4cfba7ee0b9f7dcc1ac096c554aa"

[[projects]]
  digest = "1:582b704bebaa06b48c29b0cec224a6058a09c86883aaddabde889cd1a5f73e1b"
  name = "github.com/google/uuid"
  packages = ["."]
  pruneopts = "UT"
  revision = "0cd6bf5da1e1c83f8b45653022c74f71af0538a4"
  version = "v1.1.1"

[[projects]]
  digest = "1:766102087520f9d54f2acc72bd6637045900ac735b4a419b128d216f0c5c4876"
  name = "github.com/googleapis/gax-go"
  packages = ["v2"]
  pruneopts = "UT"
  revision = "bd5b16380fd03dc758d11cef74ba2e3bc8b0e8c2"
  version = "v2.0.5"

[[projects]]
  digest = "1:c0d19ab64b32ce9fe5cf4ddceba78d5bc9807f0016db6b1183599da3dcc24d10"
  name = "github.com/hashicorp/hcl"
  packages = [
    ".",
    "hcl/ast",
    "hcl/parser",
    "hcl/printer",
    "hcl/scanner",
    "hcl/strconv",
    "hcl/token",
    "json/parser",
    "json/scanner",
    "json/token",
  ]
  pruneopts = "UT"
  revision = "8cb6e5b959231cc1119e43259c4a608f9c51a241"
  version = "v1.0.0"

[[projects]]
  digest = "1:870d441fe217b8e689d7949fef6e43efbc787e50f200cb1e70dbca9204a1d6be"
  name = "github.com/inconshreveable/mousetrap"
  packages = ["."]
  pruneopts = "UT"
  revision = "76626ae9c91c4f2a10f34cad8ce83ea42c93bb75"
  version = "v1.0"

[[projects]]
  digest = "1:4e0dfc2efcb96e8b36998900576b38ab08d0f1e82fb855ac9366f5bbcb8aeef4"
  name = "github.com/influxdata/influxdb"
  packages = [
    "client/v2",
    "models",
    "pkg/escape",
  ]
  pruneopts = "UT"
  revision = "ff383cdc0420217e3460dabe17db54f8557d95b6"
  version = "v1.7.8"

[[projects]]
  digest = "1:a2cff208d4759f6ba1b1cd228587b0a1869f95f22542ec9cd17fff64430113c7"
  name = "github.com/jessevdk/go-flags"
  packages = ["."]
  pruneopts = "UT"
  revision = "c6ca198ec95c841fdb89fc0de7496fed11ab854e"
  version = "v1.4.0"

[[projects]]
  digest = "1:31e761d97c76151dde79e9d28964a812c46efc5baee4085b86f68f0c654450de"
  name = "github.com/konsorten/go-windows-terminal-sequences"
  packages = ["."]
  pruneopts = "UT"
  revision = "f55edac94c9bbba5d6182a4be46d86a2c9b5b50e"
  version = "v1.0.2"

[[projects]]
  digest = "1:5a0ef768465592efca0412f7e838cdc0826712f8447e70e6ccc52eb441e9ab13"
  name = "github.com/magiconair/properties"
  packages = ["."]
  pruneopts = "UT"
  revision = "de8848e004dd33dc07a2947b3d76f618a7fc7ef1"
  version = "v1.8.1"

[[projects]]
  digest = "1:927762c6729b4e72957ba3310e485ed09cf8451c5a637a52fd016a9fe09e7936"
  name = "github.com/mailru/easyjson"
  packages = [
    "buffer",
    "jlexer",
    "jwriter",
  ]
  pruneopts = "UT"
  revision = "1b2b06f5f209fea48ff5922d8bfb2b9ed5d8f00b"
  version = "v0.7.0"

[[projects]]
  digest = "1:53bc4cd4914cd7cd52139990d5170d6dc99067ae31c56530621b18b35fc30318"
  name = "github.com/mitchellh/mapstructure"
  packages = ["."]
  pruneopts = "UT"
  revision = "3536a929edddb9a5b34bd6861dc4a9647cb459fe"
  version = "v1.1.2"

[[projects]]
  digest = "1:bbd3997f0121200f72b64d7a3826eb8a0b910d6a4c19894c9fe2852b9e5eaf3b"
  name = "github.com/pelletier/go-toml"
  packages = ["."]
  pruneopts = "UT"
  revision = "8fe62057ea2d46ce44254c98e84e810044dbe197"
  version = "v1.5.0"

[[projects]]
  digest = "1:0028cb19b2e4c3112225cd871870f2d9cf49b9b4276531f03438a88e94be86fe"
  name = "github.com/pmezard/go-difflib"
  packages = ["difflib"]
  pruneopts = "UT"
  revision = "792786c7400a136282c1664665ae0a8db921c6c2"
  version = "v1.0.0"

[[projects]]
  digest = "1:04457f9f6f3ffc5fea48e71d62f2ca256637dee0a04d710288e27e05c8b41976"
  name = "github.com/sirupsen/logrus"
  packages = ["."]
  pruneopts = "UT"
  revision = "839c75faf7f98a33d445d181f3018b5c3409a45e"
  version = "v1.4.2"

[[projects]]
  digest = "1:bb495ec276ab82d3dd08504bbc0594a65de8c3b22c6f2aaa92d05b73fbf3a82e"
  name = "github.com/spf13/afero"
  packages = [
    ".",
    "mem",
  ]
  pruneopts = "UT"
  revision = "588a75ec4f32903aa5e39a2619ba6a4631e28424"
  version = "v1.2.2"

[[projects]]
  digest = "1:08d65904057412fc0270fc4812a1c90c594186819243160dc779a402d4b6d0bc"
  name = "github.com/spf13/cast"
  packages = ["."]
  pruneopts = "UT"
  revision = "8c9545af88b134710ab1cd196795e7f2388358d7"
  version = "v1.3.0"

[[projects]]
  digest = "1:e096613fb7cf34743d49af87d197663cfccd61876e2219853005a57baedfa562"
  name = "github.com/spf13/cobra"
  packages = ["."]
  pruneopts = "UT"
  revision = "f2b07da1e2c38d5f12845a4f607e2e1018cbb1f5"
  version = "v0.0.5"

[[projects]]
  digest = "1:1b753ec16506f5864d26a28b43703c58831255059644351bbcb019b843950900"
  name = "github.com/spf13/jwalterweatherman"
  packages = ["."]
  pruneopts = "UT"
  revision = "94f6ae3ed3bceceafa716478c5fbf8d29ca601a1"
  version = "v1.1.0"

[[projects]]
  digest = "1:524b71991fc7d9246cc7dc2d9e0886ccb97648091c63e30eef619e6862c955dd"
  name = "github.com/spf13/pflag"
  packages = ["."]
  pruneopts = "UT"
  revision = "2e9d26c8c37aae03e3f9d4e90b7116f5accb7cab"
  version = "v1.0.5"

[[projects]]
  digest = "1:11118bd196646c6515fea3d6c43f66162833c6ae4939bfb229b9956d91c6cf17"
  name = "github.com/spf13/viper"
  packages = ["."]
  pruneopts = "UT"
  revision = "b5bf975e5823809fb22c7644d008757f78a4259e"
  version = "v1.4.0"

[[projects]]
  digest = "1:0496f0e99014b7fd0a560c539f51d0882731137b85494142f47e550e4657176a"
  name = "github.com/stretchr/testify"
  packages = [
    "assert",
    "require",
    "suite",
  ]
  pruneopts = "UT"
  revision = "221dbe5ed46703ee255b1da0dec05086f5035f62"
  version = "v1.4.0"

[[projects]]
  branch = "master"
  digest = "1:40fdfd6ab85ca32b6935853bbba35935dcb1d796c8135efd85947566c76e662e"
  name = "github.com/xdg/scram"
  packages = ["."]
  pruneopts = "UT"
  revision = "7eeb5667e42c09cb51bf7b7c28aea8c56767da90"

[[projects]]
  branch = "master"
  digest = "1:f5c1d04bc09c644c592b45b9f0bad4030521b1a7d11c7dadbb272d9439fa6e8e"
  name = "github.com/xdg/stringprep"
  packages = ["."]
  pruneopts = "UT"
  revision = "73f8eece6fdcd902c185bf651de50f3828bed5ed"

[[projects]]
  digest = "1:27e22fe552475e0b843c0bffe24e6bc5c55cb4c5d68d119b8c79af08b1903bb4"
  name = "go.mongodb.org/mongo-driver"
  packages = [
    "bson",
    "bson/bsoncodec",
    "bson/bsonrw",
    "bson/bsontype",
    "bson/primitive",
    "event",
    "internal",
    "mongo",
    "mongo/options",
    "mongo/readconcern",
    "mongo/readpref",
    "mongo/writeconcern",
    "tag",
    "version",
    "x/bsonx",
    "x/bsonx/bsoncore",
    "x/mongo/driver",
    "x/mongo/driver/address",
    "x/mongo/driver/auth",
    "x/mongo/driver/auth/internal/gssapi",
    "x/mongo/driver/connstring",
    "x/mongo/driver/description",
    "x/mongo/driver/dns",
    "x/mongo/driver/operation",
    "x/mongo/driver/session",
    "x/mongo/driver/topology",
    "x/mongo/driver/uuid",
    "x/mongo/driver/wiremessage",
  ]
  pruneopts = "UT"
  revision = "1261197350f3ad46a907489aee7ecc49b39efb82"
  version = "v1.1.2"

[[projects]]
  digest = "1:b984f402fbabb0e9eb0476f0ecfa51d0b2ff11cd0ac03538d6284091033b39ae"
  name = "go.opencensus.io"
  packages = [
    ".",
    "internal",
    "internal/tagencoding",
    "metric/metricdata",
    "metric/metricproducer",
    "plugin/ochttp",
    "plugin/ochttp/propagation/b3",
    "resource",
    "stats",
    "stats/internal",
    "stats/view",
    "tag",
    "trace",
    "trace/internal",
    "trace/propagation",
    "trace/tracestate",
  ]
  pruneopts = "UT"
  revision = "59d1ce35d30f3c25ba762169da2a37eab6ffa041"
  version = "v0.22.1"

[[projects]]
  branch = "master"
  digest = "1:623b46deaa755036d5774a5e4815fd79fe59480ccdc34c0ae68c3bc1996ba679"
  name = "golang.org/x/crypto"
  packages = [
    "argon2",
    "bcrypt",
    "blake2b",
    "blowfish",
    "pbkdf2",
    "scrypt",
  ]
  pruneopts = "UT"
  revision = "34f69633bfdcf9db92f698f8487115767eebef81"

[[projects]]
  branch = "master"
  digest = "1:d6f6ec85e9bf833009a2bd46860cb4eee02aeb06efdc6526bb6ad8ff66cd69c4"
  name = "golang.org/x/net"
  packages = [
    "context",
    "context/ctxhttp",
    "http/httpguts",
    "http2",
    "http2/hpack",
    "idna",
    "internal/socks",
    "internal/timeseries",
    "netutil",
    "proxy",
    "trace",
    "websocket",
  ]
  pruneopts = "UT"
  revision = "d66e71096ffb9f08f36d9aefcae80ce319de6d68"

[[projects]]
  branch = "master"
  digest = "1:31e33f76456ccf54819ab4a646cf01271d1a99d7712ab84bf1a9e7b61cd2031b"
  name = "golang.org/x/oauth2"
  packages = [
    ".",
    "google",
    "internal",
    "jws",
    "jwt",
  ]
  pruneopts = "UT"
  revision = "0f29369cfe4552d0e4bcddc57cc75f4d7e672a33"

[[projects]]
  branch = "master"
  digest = "1:382bb5a7fb4034db3b6a2d19e5a4a6bcf52f4750530603c01ca18a172fa3089b"
  name = "golang.org/x/sync"
  packages = ["semaphore"]
  pruneopts = "UT"
  revision = "cd5d95a43a6e21273425c7ae415d3df9ea832eeb"

[[projects]]
  branch = "master"
  digest = "1:6fbbda253b2ecd65db675e683b2d9a9ab95fdc493cd57822c6208194e586adfd"
  name = "golang.org/x/sys"
  packages = [
    "cpu",
    "unix",
  ]
  pruneopts = "UT"
  revision = "06d7bd2c5f4f4a6cc6e910b611851044253bd7d1"

[[projects]]
  digest = "1:66a2f252a58b4fbbad0e4e180e1d85a83c222b6bce09c3dcdef3dc87c72eda7c"
  name = "golang.org/x/text"
  packages = [
    "collate",
    "collate/build",
    "internal/colltab",
    "internal/gen",
    "internal/language",
    "internal/language/compact",
    "internal/tag",
    "internal/triegen",
    "internal/ucd",
    "language",
    "secure/bidirule",
    "transform",
    "unicode/bidi",
    "unicode/cldr",
    "unicode/norm",
    "unicode/rangetable",
    "width",
  ]
  pruneopts = "UT"
  revision = "342b2e1fbaa52c93f31447ad2c6abc048c63e475"
  version = "v0.3.2"

[[projects]]
  digest = "1:518602b72635e093e77375a03a6cd82466ad43de87239d5f45c60a36386adc13"
  name = "google.golang.org/api"
  packages = [
    "googleapi",
    "googleapi/internal/uritemplates",
    "googleapi/transport",
    "internal",
    "internal/gensupport",
    "oauth2/v2",
    "option",
    "transport/http",
    "transport/http/internal/propagation",
  ]
  pruneopts = "UT"
  revision = "d7605a20bfcb4659ee2ea347b1f8f5be12b8a5b7"
  version = "v0.11.0"

[[projects]]
  digest = "1:3c03b58f57452764a4499c55c582346c0ee78c8a5033affe5bdfd9efd3da5bd1"
  name = "google.golang.org/appengine"
  packages = [
    ".",
    "internal",
    "internal/app_identity",
    "internal/base",
    "internal/datastore",
    "internal/log",
    "internal/modules",
    "internal/remote_api",
    "internal/urlfetch",
    "urlfetch",
  ]
  pruneopts = "UT"
  revision = "971852bfffca25b069c31162ae8f247a3dba083b"
  version = "v1.6.5"

[[projects]]
  branch = "master"
  digest = "1:583a0c80f5e3a9343d33aea4aead1e1afcc0043db66fdf961ddd1fe8cd3a4faf"
  name = "google.golang.org/genproto"
  packages = ["googleapis/rpc/status"]
  pruneopts = "UT"
  revision = "548a555dbc03994223efbaba0090152849259498"

[[projects]]
  digest = "1:6cd77d0b616d2dcebd363dfecba593f27b0151fc82cdb5fbfb96c5a7cfbc95b5"
  name = "google.golang.org/grpc"
  packages = [
    ".",
    "balancer",
    "balancer/base",
    "balancer/roundrobin",
    "binarylog/grpc_binarylog_v1",
    "codes",
    "connectivity",
    "credentials",
    "credentials/internal",
    "encoding",
    "encoding/proto",
    "grpclog",
    "internal",
    "internal/backoff",
    "internal/balancerload",
    "internal/binarylog",
    "internal/channelz",
    "internal/envconfig",
    "internal/grpcrand",
    "internal/grpcsync",
    "internal/syscall",
    "internal/transport",
    "keepalive",
    "metadata",
    "naming",
    "peer",
    "resolver",
    "resolver/dns",
    "resolver/passthrough",
    "serviceconfig",
    "stats",
    "status",
    "tap",
  ]
  pruneopts = "UT"
  revision = "f6d0f9ee430895e87ef1ceb5ac8f39725bafceef"
  version = "v1.24.0"

[[projects]]
  digest = "1:af07c44dc04418be522bfd4e21ca9130d58169ea084e3a883e23772003a381c4"
  name = "gopkg.in/asn1-ber.v1"
  packages = ["."]
  pruneopts = "UT"
  revision = "f715ec2f112d1e4195b827ad68cf44017a3ef2b1"
  version = "v1.3"

[[projects]]
  digest = "1:174d05aec0155083f9b461f21a0a5c94f396c3cdb44f62445009ca05eef1372b"
  name = "gopkg.in/hlandau/easymetric.v1"
  packages = ["cexp"]
  pruneopts = "UT"
  revision = "1c173222e345c2ba115e0f483821c6da2d3b0fa9"
  version = "v1.0.0"

[[projects]]
  digest = "1:7bd63ad360d64ba912bee8cbcafe8ffe63e7cb800c8d49d76ed709f2bb8ba103"
  name = "gopkg.in/hlandau/measurable.v1"
  packages = ["."]
  pruneopts = "UT"
  revision = "d96a009bd9bda94dd1294105e67e8c1794e533d3"
  version = "v1.0.1"

[[projects]]
  digest = "1:9c618e8bff87568bfe399798d38e3fb9823ba51eedc9163102efde0e5307d3e7"
  name = "gopkg.in/hlandau/passlib.v1"
  packages = [
    ".",
    "abstract",
    "hash/argon2",
    "hash/argon2/raw",
    "hash/bcrypt",
    "hash/bcryptsha256",
    "hash/pbkdf2",
    "hash/pbkdf2/raw",
    "hash/scrypt",
    "hash/scrypt/raw",
    "hash/sha2crypt",
    "hash/sha2crypt/raw",
  ]
  pruneopts = "UT"
  revision = "b833d45cabf4a5151d9f955811216c6e7e377537"
  version = "v1.0.10"

[[projects]]
  digest = "1:93aaeb913621a3a53aaa78592c00f46d63e3bb0ea76e2d9b07327b50959a5778"
  name = "gopkg.in/ldap.v2"
  packages = ["."]
  pruneopts = "UT"
  revision = "bb7a9ca6e4fbc2129e3db588a34bc970ffe811a9"
  version = "v2.5.1"

[[projects]]
  branch = "v2"
  digest = "1:4af24de1cba937fb5ef082e8860a47fd46282e6863c01930359368ee121e3114"
  name = "gopkg.in/mgo.v2"
  packages = [
    ".",
    "bson",
    "internal/json",
    "internal/sasl",
    "internal/scram",
  ]
  pruneopts = "UT"
  revision = "a6b53ec6cb22a3699387a57a161566f9402ee85b"

[[projects]]
  digest = "1:59f10c1537d2199d9115d946927fe31165959a95190849c82ff11e05803528b0"
  name = "gopkg.in/yaml.v2"
  packages = ["."]
  pruneopts = "UT"
  revision = "f221b8435cfb71e54062f6c6e99e9ade30b124d5"
  version = "v2.2.4"

[solve-meta]
  analyzer-name = "dep"
  analyzer-version = 1
  input-imports = [
    "github.com/dgrijalva/jwt-go",
    "github.com/eclipse/paho.mqtt.golang",
    "github.com/fullsailor/pkcs7",
    "github.com/getsentry/raven-go",
    "github.com/go-openapi/errors",
    "github.com/go-openapi/loads",
    "github.com/go-openapi/runtime",
    "github.com/go-openapi/runtime/client",
    "github.com/go-openapi/runtime/flagext",
    "github.com/go-openapi/runtime/middleware",
    "github.com/go-openapi/runtime/security",
    "github.com/go-openapi/spec",
    "github.com/go-openapi/strfmt",
    "github.com/go-openapi/swag",
    "github.com/go-openapi/validate",
    "github.com/google/uuid",
    "github.com/influxdata/influxdb/client/v2",
    "github.com/jessevdk/go-flags",
    "github.com/sirupsen/logrus",
    "github.com/spf13/cobra",
    "github.com/spf13/viper",
    "github.com/stretchr/testify/suite",
    "go.mongodb.org/mongo-driver/bson",
    "go.mongodb.org/mongo-driver/mongo",
    "go.mongodb.org/mongo-driver/mongo/options",
    "go.mongodb.org/mongo-driver/x/bsonx",
    "go.mongodb.org/mongo-driver/x/mongo/driver",
    "golang.org/x/net/context",
    "golang.org/x/net/context/ctxhttp",
    "golang.org/x/net/netutil",
    "golang.org/x/oauth2",
    "golang.org/x/oauth2/google",
    "google.golang.org/api/oauth2/v2",
    "google.golang.org/api/option",
    "gopkg.in/hlandau/passlib.v1",
    "gopkg.in/ldap.v2",
    "gopkg.in/mgo.v2",
    "gopkg.in/mgo.v2/bson",
  ]
  solver-name = "gps-cdcl"
  solver-version = 1
