# This file is autogenerated, do not edit; changes may be undone by the next 'dep ensure'.


[[projects]]
  digest = "1:bd3632deea7c224314b504dc51fbd244a59163e89c0cb730877d51bb13f5f74a"
  name = "github.com/PuerkitoBio/purell"
  packages = ["."]
  pruneopts = "T"
  revision = "44968752391892e1b0d0b821ee79e9a85fa13049"
  version = "v1.1.1"

[[projects]]
  branch = "master"
  digest = "1:c739832d67eb1e9cc478a19cc1a1ccd78df0397bf8a32978b759152e205f644b"
  name = "github.com/PuerkitoBio/urlesc"
  packages = ["."]
  pruneopts = "T"
  revision = "de5bf2ad457846296e2031421a34e2568e304e35"

[[projects]]
  branch = "master"
  digest = "1:8c229fd28ce443616cfd820993fd80ea47a9a624588ef7f051c18b788881c2cd"
  name = "github.com/alecthomas/template"
  packages = [
    ".",
    "parse"
  ]
  pruneopts = "T"
  revision = "fb15b899a75114aa79cc930e33c46b577cc664b1"

[[projects]]
  branch = "master"
  digest = "1:f780e2e814981de9dbdc2ca49d6c91d4aa4e2a1639ebc4106fafb0dc54fa5bd8"
  name = "github.com/alecthomas/units"
  packages = ["."]
  pruneopts = "T"
  revision = "f65c72e2690dc4b403c8bd637baf4611cd4c069b"

[[projects]]
  digest = "1:297a3c21bf1d3b4695a222e43e982bb52b4b9e156ca2eadbe32b898d0a1ae551"
  name = "github.com/asaskevich/govalidator"
  packages = ["."]
  pruneopts = "T"
  revision = "ccb8e960c48f04d6935e72476ae4a51028f9e22f"
  version = "v9"

[[projects]]
  digest = "1:26b8413f679cfec4c3a12f6597c8656f070587c8274c7a1a25bbea5eef716d46"
  name = "github.com/beorn7/perks"
  packages = ["quantile"]
  pruneopts = "T"
  revision = "37c8de3658fcb183f997c4e13e8337516ab753e6"
  version = "v1.0.1"

[[projects]]
  digest = "1:fed1f537c2f1269fe475a8556c393fe466641682d73ef8fd0491cd3aa1e47bad"
  name = "github.com/certifi/gocertifi"
  packages = ["."]
  pruneopts = "T"
  revision = "deb3ae2ef2610fde3330947281941c562861188b"
  version = "2018.01.18"

[[projects]]
  digest = "1:9f42202ac457c462ad8bb9642806d275af9ab4850cf0b1960b9c6f083d4a309a"
  name = "github.com/davecgh/go-spew"
  packages = ["spew"]
  pruneopts = "T"
  revision = "8991bc29aa16c548c550c7ff78260e27b9ab7c73"
  version = "v1.1.1"

[[projects]]
  digest = "1:c8097a9384ac9ed65bc6d25396819e22ab201306af2b3992bcac811e787aa814"
  name = "github.com/diegoholiveira/jsonlogic"
  packages = ["."]
  pruneopts = "T"
  revision = "ae18f91e173d6b5c9ea4bd6f292ba39e65efd38a"
  version = "v1.0.0"

[[projects]]
  digest = "1:e95ef557dc3120984bb66b385ae01b4bb8ff56bcde28e7b0d1beed0cccc4d69f"
  name = "github.com/docker/go-units"
  packages = ["."]
  pruneopts = "T"
  revision = "519db1ee28dcc9fd2474ae59fca29a810482bfb1"
  version = "v0.4.0"

[[projects]]
  digest = "1:4c2541779aa5ecee9cce382cc6bdbfa21b7de9ee9be20f9954446ec22cfa7819"
  name = "github.com/eclipse/paho.mqtt.golang"
  packages = [
    ".",
    "packets"
  ]
  pruneopts = "T"
  revision = "adca289fdcf8c883800aafa545bc263452290bae"
  version = "v1.2.0"

[[projects]]
  digest = "1:7fc160b460a6fc506b37fcca68332464c3f2cd57b6e3f111f26c5bbfd2d5518e"
  name = "github.com/fsnotify/fsnotify"
  packages = ["."]
  pruneopts = "T"
  revision = "c2828203cd70a50dcccfb2761f8b1f8ceef9a8e9"
  version = "v1.4.7"

[[projects]]
  digest = "1:4c183be9fd1680d917006bb4884c1ac3d00a6bd33b0d36c8439c8cbd011e5aac"
  name = "github.com/getsentry/raven-go"
  packages = ["."]
  pruneopts = "T"
  revision = "f04e7487e9a6b9d9837d52743fb5f40576c56411"
  version = "v0.2.0"

[[projects]]
  digest = "1:80c3281c71de84727e195b552fdfddb2d040024f5658a0dd4a1ada2b01442018"
  name = "github.com/go-openapi/analysis"
  packages = [
    ".",
    "internal"
  ]
  pruneopts = "T"
  revision = "1024f3482ddc2c381cc918eb9eca596d51a70272"
  version = "v0.19.6"

[[projects]]
  branch = "master"
  digest = "1:88b6bf8bb90445243d115774c1310786c9fba189a6e4aaf31c3081d87fd20a15"
  name = "github.com/go-openapi/errors"
  packages = ["."]
  pruneopts = "T"
  revision = "9b273e805998abc751853b4e1574d66e5df888b4"

[[projects]]
  digest = "1:d8bb66cc7814148a37e7b98aa77b3f41e98b4a39a7ee9ec6cd771f43abbee78f"
  name = "github.com/go-openapi/jsonpointer"
  packages = ["."]
  pruneopts = "T"
  revision = "ed123515f087412cd7ef02e49b0b0a5e6a79a360"
  version = "v0.19.3"

[[projects]]
  digest = "1:684b911514175211778502e193909e0bececa97f8a835017eae8ff78890ed7c7"
  name = "github.com/go-openapi/jsonreference"
  packages = ["."]
  pruneopts = "T"
  revision = "82f31475a8f7a12bc26962f6e26ceade8ea6f66a"
  version = "v0.19.3"

[[projects]]
  branch = "master"
  digest = "1:c01c6fe3bbf1b498cf077cfd668ed2a76734ea340632498cd1b04b7ebc7e56a8"
  name = "github.com/go-openapi/loads"
  packages = ["."]
  pruneopts = "T"
  revision = "bda4742c39071f7804171d847fb6e9bca84f9f57"

[[projects]]
  branch = "master"
  digest = "1:2b61413b367d0fd8e113d1f9db4b4ad32d29d375901d7ba4eb544a96e6cc717e"
  name = "github.com/go-openapi/runtime"
  packages = [
    ".",
    "flagext",
    "logger",
    "middleware",
    "middleware/denco",
    "middleware/header",
    "middleware/untyped",
    "security"
  ]
  pruneopts = "T"
  revision = "b168037224ef06d399806fdba1f375c478c6474b"

[[projects]]
  branch = "master"
  digest = "1:994d88ce5d2a609e6eada79186c139b850181866a5575478f88230055902a187"
  name = "github.com/go-openapi/spec"
  packages = ["."]
  pruneopts = "T"
  revision = "744796356cda816d3166723c28d45c5f58f590df"

[[projects]]
  branch = "master"
  digest = "1:ce9d5a51abdf7640e6218a775046db8871afdb642849a2712239e59569e98bae"
  name = "github.com/go-openapi/strfmt"
  packages = ["."]
  pruneopts = "T"
  revision = "1940fb2f8aba2045ae5493bd64b76ad4af8b5856"

[[projects]]
  branch = "master"
  digest = "1:9e8e9cf4799b6d8ae92b54578f00dca64b3a820d39a602a5b8a12c3746c3e731"
  name = "github.com/go-openapi/swag"
  packages = ["."]
  pruneopts = "T"
  revision = "8a84ec635f1b280a7062edeab609f0667a053248"

[[projects]]
  branch = "master"
  digest = "1:6b8bced8cafcf3f9277b83a60f705161f39999e198076c15f6868ee2ed9bf1eb"
  name = "github.com/go-openapi/validate"
  packages = ["."]
  pruneopts = "T"
  revision = "08232b6614a50c4f62d1efa77e966421d327d3d3"

[[projects]]
  digest = "1:586ea76dbd0374d6fb649a91d70d652b7fe0ccffb8910a77468e7702e7901f3d"
  name = "github.com/go-stack/stack"
  packages = ["."]
  pruneopts = "T"
  revision = "2fee6af1a9795aafbe0253a0cfbdf668e1fb8a9a"
  version = "v1.8.0"

[[projects]]
  digest = "1:f330410f832cfdb001805dd4838ecd5c803374b62c8a85914f3234fe593a03f2"
  name = "github.com/gofrs/uuid"
  packages = ["."]
  pruneopts = "T"
  revision = "6b08a5c5172ba18946672b49749cde22873dd7c2"
  version = "v3.2.0"

[[projects]]
  digest = "1:ee6b8c03e5ab6cf9628a3c538430d007f8534483dc46c7ff5955a4359d5ef865"
  name = "github.com/golang/protobuf"
  packages = ["proto"]
  pruneopts = "T"
  revision = "6c65a5562fc06764971b7c5d05c76c75e84bdbf7"
  version = "v1.3.2"

[[projects]]
  branch = "master"
  digest = "1:f49c94c11c36a22a3417a3a275aef621dbe72815c4950db0dfe38b2c091e78ef"
  name = "github.com/golang/snappy"
  packages = ["."]
  pruneopts = "T"
  revision = "ff6b7dc882cf4cfba7ee0b9f7dcc1ac096c554aa"

[[projects]]
  digest = "1:071bcbf82c289fba4d3f63c876bf4f0ba7eda625cd60795e0a03ccbf949e517a"
  name = "github.com/hashicorp/hcl"
  packages = [
    ".",
    "hcl/ast",
    "hcl/parser",
    "hcl/printer",
    "hcl/scanner",
    "hcl/strconv",
    "hcl/token",
    "json/parser",
    "json/scanner",
    "json/token"
  ]
  pruneopts = "T"
  revision = "8cb6e5b959231cc1119e43259c4a608f9c51a241"
  version = "v1.0.0"

[[projects]]
  digest = "1:870d441fe217b8e689d7949fef6e43efbc787e50f200cb1e70dbca9204a1d6be"
  name = "github.com/inconshreveable/mousetrap"
  packages = ["."]
  pruneopts = "T"
  revision = "76626ae9c91c4f2a10f34cad8ce83ea42c93bb75"
  version = "v1.0"

[[projects]]
  digest = "1:c74422a9e81da8e01acd67c9844ae8bf1e174ef1b26ce2adf6b50c32bc333be4"
  name = "github.com/influxdata/influxdb"
  packages = [
    "client/v2",
    "models",
    "pkg/escape"
  ]
  pruneopts = "T"
  revision = "23bc63d43a8dc05f53afa46e3526ebb5578f3d88"
  version = "v1.7.9"

[[projects]]
  digest = "1:3f222a291d2810bdeccb8ba10af58fd087269863c8196f7754cfa0de098a2b56"
  name = "github.com/jessevdk/go-flags"
  packages = ["."]
  pruneopts = "T"
  revision = "c6ca198ec95c841fdb89fc0de7496fed11ab854e"
  version = "v1.4.0"

[[projects]]
  digest = "1:31e761d97c76151dde79e9d28964a812c46efc5baee4085b86f68f0c654450de"
  name = "github.com/konsorten/go-windows-terminal-sequences"
  packages = ["."]
  pruneopts = "T"
  revision = "f55edac94c9bbba5d6182a4be46d86a2c9b5b50e"
  version = "v1.0.2"

[[projects]]
  digest = "1:d7cc16f6f66fd3f5864ff77480288704b02e5263f6f243dae62b43fdf4bb638e"
  name = "github.com/magiconair/properties"
  packages = ["."]
  pruneopts = "T"
  revision = "de8848e004dd33dc07a2947b3d76f618a7fc7ef1"
  version = "v1.8.1"

[[projects]]
  digest = "1:9cbeee309974b109b65af9d28d60262bc58e0bf6e3b25a8867e70439b141a15d"
  name = "github.com/mailru/easyjson"
  packages = [
    "buffer",
    "jlexer",
    "jwriter"
  ]
  pruneopts = "T"
  revision = "1b2b06f5f209fea48ff5922d8bfb2b9ed5d8f00b"
  version = "v0.7.0"

[[projects]]
  digest = "1:a8e3d14801bed585908d130ebfc3b925ba642208e6f30d879437ddfc7bb9b413"
  name = "github.com/matttproud/golang_protobuf_extensions"
  packages = ["pbutil"]
  pruneopts = "T"
  revision = "c12348ce28de40eed0136aa2b644d0ee0650e56c"
  version = "v1.0.1"

[[projects]]
  digest = "1:09ca328575f38b80969ccf857f6d7302f2ce09d53778ea7aaba526cfd2cec739"
  name = "github.com/mitchellh/copystructure"
  packages = ["."]
  pruneopts = "T"
  revision = "9a1b6f44e8da0e0e374624fb0a825a231b00c537"
  version = "v1.0.0"

[[projects]]
  digest = "1:53bc4cd4914cd7cd52139990d5170d6dc99067ae31c56530621b18b35fc30318"
  name = "github.com/mitchellh/mapstructure"
  packages = ["."]
  pruneopts = "T"
  revision = "3536a929edddb9a5b34bd6861dc4a9647cb459fe"
  version = "v1.1.2"

[[projects]]
  digest = "1:2a7e6f8bebdca6bd8bc359c37f01ae1c4ea4f8481eaabf93b1ae4863f15b72c7"
  name = "github.com/mitchellh/reflectwalk"
  packages = ["."]
  pruneopts = "T"
  revision = "3e2c75dfad4fbf904b58782a80fd595c760ad185"
  version = "v1.0.1"

[[projects]]
  digest = "1:d7e4b6bdc7d793a2d6dbd0b5aba4a7dcd0e6ed89a55193a5a3eb3098851d92e7"
  name = "github.com/pelletier/go-toml"
  packages = ["."]
  pruneopts = "T"
  revision = "903d9455db9ff1d7ac1ab199062eca7266dd11a3"
  version = "v1.6.0"

[[projects]]
  digest = "1:cf31692c14422fa27c83a05292eb5cbe0fb2775972e8f1f8446a71549bd8980b"
  name = "github.com/pkg/errors"
  packages = ["."]
  pruneopts = "T"
  revision = "ba968bfe8b2f7e042a574c888954fccecfa385b4"
  version = "v0.8.1"

[[projects]]
  digest = "1:22aa691fe0213cb5c07d103f9effebcb7ad04bee45a0ce5fe5369d0ca2ec3a1f"
  name = "github.com/pmezard/go-difflib"
  packages = ["difflib"]
  pruneopts = "T"
  revision = "792786c7400a136282c1664665ae0a8db921c6c2"
  version = "v1.0.0"

[[projects]]
  digest = "1:f187ccbea8a6ab650f2a9a7ad613008f634a64a289e2707fe21f16c3d634f311"
  name = "github.com/prometheus/client_golang"
  packages = [
    "prometheus",
    "prometheus/internal",
    "prometheus/promhttp"
  ]
  pruneopts = "T"
  revision = "170205fb58decfd011f1550d4cfb737230d7ae4f"
  version = "v1.1.0"

[[projects]]
  branch = "master"
  digest = "1:0a565f69553dd41b3de790fde3532e9237142f2637899e20cd3e7396f0c4f2f7"
  name = "github.com/prometheus/client_model"
  packages = ["go"]
  pruneopts = "T"
  revision = "14fe0d1b01d4d5fc031dd4bec1823bd3ebbe8016"

[[projects]]
  digest = "1:910dbd3a9fde514191a0905803664266986e3dd8d29caed93ec7ad9493b634e3"
  name = "github.com/prometheus/common"
  packages = [
    "expfmt",
    "internal/bitbucket.org/ww/goautoneg",
    "log",
    "model"
  ]
  pruneopts = "T"
  revision = "287d3e634a1e550c9e463dd7e5a75a422c614505"
  version = "v0.7.0"

[[projects]]
  digest = "1:4e5dfc0e29afdb4a2bc39dc74857da74061c2e59400a2aaa32d33d9f7fb4e63d"
  name = "github.com/prometheus/procfs"
  packages = [
    ".",
    "internal/fs",
    "internal/util"
  ]
  pruneopts = "T"
  revision = "3a8122e6a950185a58d8d6a909450a575602becd"
  version = "v0.0.7"

[[projects]]
  digest = "1:425d221445ea27aaad740ed99e2be7cb463528526e63f6c599ad7d28f7ecea45"
  name = "github.com/sirupsen/logrus"
  packages = ["."]
  pruneopts = "T"
  revision = "839c75faf7f98a33d445d181f3018b5c3409a45e"
  version = "v1.4.2"

[[projects]]
  digest = "1:dee0cc3252ce6fcc3334c9529abd32925f2aaf072c90336a5a38254953564aa5"
  name = "github.com/spf13/afero"
  packages = [
    ".",
    "mem"
  ]
  pruneopts = "T"
  revision = "588a75ec4f32903aa5e39a2619ba6a4631e28424"
  version = "v1.2.2"

[[projects]]
  digest = "1:08d65904057412fc0270fc4812a1c90c594186819243160dc779a402d4b6d0bc"
  name = "github.com/spf13/cast"
  packages = ["."]
  pruneopts = "T"
  revision = "8c9545af88b134710ab1cd196795e7f2388358d7"
  version = "v1.3.0"

[[projects]]
  digest = "1:0d40f08f9f1d486f6c56a0cb0d50f28ee1d216497adb7ea060b6dfe9587a2a3d"
  name = "github.com/spf13/cobra"
  packages = ["."]
  pruneopts = "T"
  revision = "f2b07da1e2c38d5f12845a4f607e2e1018cbb1f5"
  version = "v0.0.5"

[[projects]]
  digest = "1:1b753ec16506f5864d26a28b43703c58831255059644351bbcb019b843950900"
  name = "github.com/spf13/jwalterweatherman"
  packages = ["."]
  pruneopts = "T"
  revision = "94f6ae3ed3bceceafa716478c5fbf8d29ca601a1"
  version = "v1.1.0"

[[projects]]
  digest = "1:b9ab7e761cae4fe0e7d82fff001e2cb618d30ce5d9129bb074ebf1d847791bde"
  name = "github.com/spf13/pflag"
  packages = ["."]
  pruneopts = "T"
  revision = "2e9d26c8c37aae03e3f9d4e90b7116f5accb7cab"
  version = "v1.0.5"

[[projects]]
  digest = "1:d4732ca3196fb6638566361841888ce0eaa24c9d501c115fe32685600eb93e32"
  name = "github.com/spf13/viper"
  packages = ["."]
  pruneopts = "T"
  revision = "72b022eb357a56469725dcd03918449e2278d02e"
  version = "v1.5.0"

[[projects]]
  digest = "1:1d6f160431ac08b6e39b374f2ae9e00c9780cd604d65a5364d7304cd939efd0c"
  name = "github.com/stretchr/testify"
  packages = [
    "assert",
    "require",
    "suite"
  ]
  pruneopts = "T"
  revision = "221dbe5ed46703ee255b1da0dec05086f5035f62"
  version = "v1.4.0"

[[projects]]
  digest = "1:12688aaba599584071471d6533fa5d5af119b66cc2a075a640042e4c4d983db3"
  name = "github.com/subosito/gotenv"
  packages = ["."]
  pruneopts = "T"
  revision = "2ef7124db659d49edac6aa459693a15ae36c671a"
  version = "v1.2.0"

[[projects]]
  branch = "master"
  digest = "1:fb87ad6629b8ae41bdf7bec0a22cc4a5553ab550b4a52c88edacfbfe61ffd87d"
  name = "github.com/xdg/scram"
  packages = ["."]
  pruneopts = "T"
  revision = "7eeb5667e42c09cb51bf7b7c28aea8c56767da90"

[[projects]]
  branch = "master"
  digest = "1:f5c1d04bc09c644c592b45b9f0bad4030521b1a7d11c7dadbb272d9439fa6e8e"
  name = "github.com/xdg/stringprep"
  packages = ["."]
  pruneopts = "T"
  revision = "73f8eece6fdcd902c185bf651de50f3828bed5ed"

[[projects]]
  digest = "1:3e9d3d46527670dbc780137b982d17ec80aa95d7920f829a1e15b4ff85dd5d28"
  name = "go.mongodb.org/mongo-driver"
  packages = [
    "bson",
    "bson/bsoncodec",
    "bson/bsonrw",
    "bson/bsontype",
    "bson/primitive",
    "event",
    "internal",
    "mongo",
    "mongo/options",
    "mongo/readconcern",
    "mongo/readpref",
    "mongo/writeconcern",
    "tag",
    "version",
    "x/bsonx",
    "x/bsonx/bsoncore",
    "x/mongo/driver",
    "x/mongo/driver/address",
    "x/mongo/driver/auth",
    "x/mongo/driver/auth/internal/gssapi",
    "x/mongo/driver/connstring",
    "x/mongo/driver/description",
    "x/mongo/driver/dns",
    "x/mongo/driver/operation",
    "x/mongo/driver/session",
    "x/mongo/driver/topology",
    "x/mongo/driver/uuid",
    "x/mongo/driver/wiremessage"
  ]
  pruneopts = "T"
  revision = "797e0a635920c291b1808180bf7249eaac5eafed"
  version = "v1.1.3"

[[projects]]
  branch = "master"
  digest = "1:4333732a53307a5b008c897fe622470456a2b5099f0e33352f8e21287160ec4b"
  name = "golang.org/x/crypto"
  packages = [
    "bcrypt",
    "blowfish",
    "pbkdf2"
  ]
  pruneopts = "T"
  revision = "4f8c1d86b1ba699e7a66cd649947ed270a74e0bb"

[[projects]]
  branch = "master"
  digest = "1:882e950a0da38889461d8c7413c382c090e8e63be9ee5b84565ec4b9b8a917e1"
  name = "golang.org/x/net"
  packages = [
    "idna",
    "internal/socks",
    "netutil",
    "proxy",
    "websocket"
  ]
  pruneopts = "T"
  revision = "fc4aabc6c91483155dade6fbb627cc953a723260"

[[projects]]
  branch = "master"
  digest = "1:2558245b0ba1244c5c24287bdf93da35c64b255fe9a4eaf070f8f65724966f41"
  name = "golang.org/x/sync"
  packages = ["semaphore"]
  pruneopts = "T"
  revision = "cd5d95a43a6e21273425c7ae415d3df9ea832eeb"

[[projects]]
  branch = "master"
  digest = "1:b27f030fdb622304c23af64775783639ec381e6f66cce66307dbd911fbf277cb"
  name = "golang.org/x/sys"
  packages = [
    "unix",
    "windows",
    "windows/registry",
    "windows/svc/eventlog"
  ]
  pruneopts = "T"
  revision = "bd437916bb0eb726b873ee8e9b2dcf212d32e2fd"

[[projects]]
  digest = "1:0a6103b1dc59b52f7e64a491b398b854c0fcaacde43c25ce468610a64311b72d"
  name = "golang.org/x/text"
  packages = [
    "collate",
    "collate/build",
    "internal/colltab",
    "internal/gen",
    "internal/language",
    "internal/language/compact",
    "internal/tag",
    "internal/triegen",
    "internal/ucd",
    "language",
    "secure/bidirule",
    "transform",
    "unicode/bidi",
    "unicode/cldr",
    "unicode/norm",
    "unicode/rangetable",
    "width"
  ]
  pruneopts = "T"
  revision = "342b2e1fbaa52c93f31447ad2c6abc048c63e475"
  version = "v0.3.2"

[[projects]]
  digest = "1:79bb23751a6a8aaee4a780d0f0a16f43560efb557d53ffc713dc05f20dd4c2bf"
  name = "gopkg.in/alecthomas/kingpin.v2"
  packages = ["."]
  pruneopts = "T"
  revision = "947dcec5ba9c011838740e680966fd7087a71d0d"
  version = "v2.2.6"

[[projects]]
  digest = "1:b75b3deb2bce8bc079e16bb2aecfe01eb80098f5650f9e93e5643ca8b7b73737"
  name = "gopkg.in/yaml.v2"
  packages = ["."]
  pruneopts = "T"
  revision = "1f64d6156d11335c3f22d9330b0ad14fc1e789ce"
  version = "v2.2.7"

[solve-meta]
  analyzer-name = "dep"
  analyzer-version = 1
  input-imports = [
    "github.com/diegoholiveira/jsonlogic",
    "github.com/eclipse/paho.mqtt.golang",
    "github.com/getsentry/raven-go",
    "github.com/go-openapi/errors",
    "github.com/go-openapi/loads",
    "github.com/go-openapi/runtime",
    "github.com/go-openapi/runtime/flagext",
    "github.com/go-openapi/runtime/middleware",
    "github.com/go-openapi/runtime/security",
    "github.com/go-openapi/spec",
    "github.com/go-openapi/strfmt",
    "github.com/go-openapi/swag",
    "github.com/go-openapi/validate",
    "github.com/gofrs/uuid",
    "github.com/influxdata/influxdb/client/v2",
    "github.com/jessevdk/go-flags",
    "github.com/pkg/errors",
    "github.com/prometheus/client_golang/prometheus/promhttp",
    "github.com/prometheus/common/log",
    "github.com/sirupsen/logrus",
    "github.com/spf13/cobra",
    "github.com/spf13/viper",
    "github.com/stretchr/testify/require",
    "github.com/stretchr/testify/suite",
    "go.mongodb.org/mongo-driver/bson",
    "go.mongodb.org/mongo-driver/bson/primitive",
    "go.mongodb.org/mongo-driver/mongo",
    "go.mongodb.org/mongo-driver/mongo/options",
    "go.mongodb.org/mongo-driver/mongo/readpref",
    "go.mongodb.org/mongo-driver/x/bsonx",
    "golang.org/x/crypto/bcrypt",
    "golang.org/x/net/netutil"
  ]
  solver-name = "gps-cdcl"
  solver-version = 1
